// !$*UTF8*$!
{
	archiveVersion = 1;
	classes = {
	};
	objectVersion = 46;
	objects = {

/* Begin PBXBuildFile section */
		7A2999DC1C8E7E0C005661AD /* AppDelegate.swift in Sources */ = {isa = PBXBuildFile; fileRef = 7A2999DB1C8E7E0C005661AD /* AppDelegate.swift */; };
		7A2999DE1C8E7E0C005661AD /* ViewController.swift in Sources */ = {isa = PBXBuildFile; fileRef = 7A2999DD1C8E7E0C005661AD /* ViewController.swift */; };
		7A2999E11C8E7E0C005661AD /* Main.storyboard in Resources */ = {isa = PBXBuildFile; fileRef = 7A2999DF1C8E7E0C005661AD /* Main.storyboard */; };
		7A2999E31C8E7E0C005661AD /* Assets.xcassets in Resources */ = {isa = PBXBuildFile; fileRef = 7A2999E21C8E7E0C005661AD /* Assets.xcassets */; };
		7A2999E61C8E7E0C005661AD /* LaunchScreen.storyboard in Resources */ = {isa = PBXBuildFile; fileRef = 7A2999E41C8E7E0C005661AD /* LaunchScreen.storyboard */; };
		7A2999F11C8E7E0C005661AD /* VoiceMemoVIPERTests.swift in Sources */ = {isa = PBXBuildFile; fileRef = 7A2999F01C8E7E0C005661AD /* VoiceMemoVIPERTests.swift */; };
		7A2999FC1C8E7E0C005661AD /* VoiceMemoVIPERUITests.swift in Sources */ = {isa = PBXBuildFile; fileRef = 7A2999FB1C8E7E0C005661AD /* VoiceMemoVIPERUITests.swift */; };
/* End PBXBuildFile section */

/* Begin PBXContainerItemProxy section */
		7A2999ED1C8E7E0C005661AD /* PBXContainerItemProxy */ = {
			isa = PBXContainerItemProxy;
			containerPortal = 7A2999D01C8E7E0B005661AD /* Project object */;
			proxyType = 1;
			remoteGlobalIDString = 7A2999D71C8E7E0B005661AD;
			remoteInfo = VoiceMemoVIPER;
		};
		7A2999F81C8E7E0C005661AD /* PBXContainerItemProxy */ = {
			isa = PBXContainerItemProxy;
			containerPortal = 7A2999D01C8E7E0B005661AD /* Project object */;
			proxyType = 1;
			remoteGlobalIDString = 7A2999D71C8E7E0B005661AD;
			remoteInfo = VoiceMemoVIPER;
		};
/* End PBXContainerItemProxy section */

/* Begin PBXFileReference section */
		7A2999D81C8E7E0B005661AD /* VoiceMemoVIPER.app */ = {isa = PBXFileReference; explicitFileType = wrapper.application; includeInIndex = 0; path = VoiceMemoVIPER.app; sourceTree = BUILT_PRODUCTS_DIR; };
		7A2999DB1C8E7E0C005661AD /* AppDelegate.swift */ = {isa = PBXFileReference; lastKnownFileType = sourcecode.swift; path = AppDelegate.swift; sourceTree = "<group>"; };
		7A2999DD1C8E7E0C005661AD /* ViewController.swift */ = {isa = PBXFileReference; lastKnownFileType = sourcecode.swift; path = ViewController.swift; sourceTree = "<group>"; };
		7A2999E01C8E7E0C005661AD /* Base */ = {isa = PBXFileReference; lastKnownFileType = file.storyboard; name = Base; path = Base.lproj/Main.storyboard; sourceTree = "<group>"; };
		7A2999E21C8E7E0C005661AD /* Assets.xcassets */ = {isa = PBXFileReference; lastKnownFileType = folder.assetcatalog; path = Assets.xcassets; sourceTree = "<group>"; };
		7A2999E51C8E7E0C005661AD /* Base */ = {isa = PBXFileReference; lastKnownFileType = file.storyboard; name = Base; path = Base.lproj/LaunchScreen.storyboard; sourceTree = "<group>"; };
		7A2999E71C8E7E0C005661AD /* Info.plist */ = {isa = PBXFileReference; lastKnownFileType = text.plist.xml; path = Info.plist; sourceTree = "<group>"; };
		7A2999EC1C8E7E0C005661AD /* VoiceMemoVIPERTests.xctest */ = {isa = PBXFileReference; explicitFileType = wrapper.cfbundle; includeInIndex = 0; path = VoiceMemoVIPERTests.xctest; sourceTree = BUILT_PRODUCTS_DIR; };
		7A2999F01C8E7E0C005661AD /* VoiceMemoVIPERTests.swift */ = {isa = PBXFileReference; lastKnownFileType = sourcecode.swift; path = VoiceMemoVIPERTests.swift; sourceTree = "<group>"; };
		7A2999F21C8E7E0C005661AD /* Info.plist */ = {isa = PBXFileReference; lastKnownFileType = text.plist.xml; path = Info.plist; sourceTree = "<group>"; };
		7A2999F71C8E7E0C005661AD /* VoiceMemoVIPERUITests.xctest */ = {isa = PBXFileReference; explicitFileType = wrapper.cfbundle; includeInIndex = 0; path = VoiceMemoVIPERUITests.xctest; sourceTree = BUILT_PRODUCTS_DIR; };
		7A2999FB1C8E7E0C005661AD /* VoiceMemoVIPERUITests.swift */ = {isa = PBXFileReference; lastKnownFileType = sourcecode.swift; path = VoiceMemoVIPERUITests.swift; sourceTree = "<group>"; };
		7A2999FD1C8E7E0C005661AD /* Info.plist */ = {isa = PBXFileReference; lastKnownFileType = text.plist.xml; path = Info.plist; sourceTree = "<group>"; };
/* End PBXFileReference section */

/* Begin PBXFrameworksBuildPhase section */
		7A2999D51C8E7E0B005661AD /* Frameworks */ = {
			isa = PBXFrameworksBuildPhase;
			buildActionMask = 2147483647;
			files = (
			);
			runOnlyForDeploymentPostprocessing = 0;
		};
		7A2999E91C8E7E0C005661AD /* Frameworks */ = {
			isa = PBXFrameworksBuildPhase;
			buildActionMask = 2147483647;
			files = (
			);
			runOnlyForDeploymentPostprocessing = 0;
		};
		7A2999F41C8E7E0C005661AD /* Frameworks */ = {
			isa = PBXFrameworksBuildPhase;
			buildActionMask = 2147483647;
			files = (
			);
			runOnlyForDeploymentPostprocessing = 0;
		};
/* End PBXFrameworksBuildPhase section */

/* Begin PBXGroup section */
		7A2999CF1C8E7E0B005661AD = {
			isa = PBXGroup;
			children = (
				7A2999DA1C8E7E0C005661AD /* VoiceMemoVIPER */,
				7A2999EF1C8E7E0C005661AD /* VoiceMemoVIPERTests */,
				7A2999FA1C8E7E0C005661AD /* VoiceMemoVIPERUITests */,
				7A2999D91C8E7E0B005661AD /* Products */,
			);
			sourceTree = "<group>";
		};
		7A2999D91C8E7E0B005661AD /* Products */ = {
			isa = PBXGroup;
			children = (
				7A2999D81C8E7E0B005661AD /* VoiceMemoVIPER.app */,
				7A2999EC1C8E7E0C005661AD /* VoiceMemoVIPERTests.xctest */,
				7A2999F71C8E7E0C005661AD /* VoiceMemoVIPERUITests.xctest */,
			);
			name = Products;
			sourceTree = "<group>";
		};
		7A2999DA1C8E7E0C005661AD /* VoiceMemoVIPER */ = {
			isa = PBXGroup;
			children = (
				7A2999DB1C8E7E0C005661AD /* AppDelegate.swift */,
				7A2999DD1C8E7E0C005661AD /* ViewController.swift */,
				7A2999DF1C8E7E0C005661AD /* Main.storyboard */,
				7A2999E21C8E7E0C005661AD /* Assets.xcassets */,
				7A2999E41C8E7E0C005661AD /* LaunchScreen.storyboard */,
				7A2999E71C8E7E0C005661AD /* Info.plist */,
			);
			path = VoiceMemoVIPER;
			sourceTree = "<group>";
		};
		7A2999EF1C8E7E0C005661AD /* VoiceMemoVIPERTests */ = {
			isa = PBXGroup;
			children = (
				7A2999F01C8E7E0C005661AD /* VoiceMemoVIPERTests.swift */,
				7A2999F21C8E7E0C005661AD /* Info.plist */,
			);
			path = VoiceMemoVIPERTests;
			sourceTree = "<group>";
		};
		7A2999FA1C8E7E0C005661AD /* VoiceMemoVIPERUITests */ = {
			isa = PBXGroup;
			children = (
				7A2999FB1C8E7E0C005661AD /* VoiceMemoVIPERUITests.swift */,
				7A2999FD1C8E7E0C005661AD /* Info.plist */,
			);
			path = VoiceMemoVIPERUITests;
			sourceTree = "<group>";
		};
/* End PBXGroup section */

/* Begin PBXNativeTarget section */
		7A2999D71C8E7E0B005661AD /* VoiceMemoVIPER */ = {
			isa = PBXNativeTarget;
			buildConfigurationList = 7A299A001C8E7E0C005661AD /* Build configuration list for PBXNativeTarget "VoiceMemoVIPER" */;
			buildPhases = (
				7A2999D41C8E7E0B005661AD /* Sources */,
				7A2999D51C8E7E0B005661AD /* Frameworks */,
				7A2999D61C8E7E0B005661AD /* Resources */,
			);
			buildRules = (
			);
			dependencies = (
			);
			name = VoiceMemoVIPER;
			productName = VoiceMemoVIPER;
			productReference = 7A2999D81C8E7E0B005661AD /* VoiceMemoVIPER.app */;
			productType = "com.apple.product-type.application";
		};
		7A2999EB1C8E7E0C005661AD /* VoiceMemoVIPERTests */ = {
			isa = PBXNativeTarget;
			buildConfigurationList = 7A299A031C8E7E0C005661AD /* Build configuration list for PBXNativeTarget "VoiceMemoVIPERTests" */;
			buildPhases = (
				7A2999E81C8E7E0C005661AD /* Sources */,
				7A2999E91C8E7E0C005661AD /* Frameworks */,
				7A2999EA1C8E7E0C005661AD /* Resources */,
			);
			buildRules = (
			);
			dependencies = (
				7A2999EE1C8E7E0C005661AD /* PBXTargetDependency */,
			);
			name = VoiceMemoVIPERTests;
			productName = VoiceMemoVIPERTests;
			productReference = 7A2999EC1C8E7E0C005661AD /* VoiceMemoVIPERTests.xctest */;
			productType = "com.apple.product-type.bundle.unit-test";
		};
		7A2999F61C8E7E0C005661AD /* VoiceMemoVIPERUITests */ = {
			isa = PBXNativeTarget;
			buildConfigurationList = 7A299A061C8E7E0C005661AD /* Build configuration list for PBXNativeTarget "VoiceMemoVIPERUITests" */;
			buildPhases = (
				7A2999F31C8E7E0C005661AD /* Sources */,
				7A2999F41C8E7E0C005661AD /* Frameworks */,
				7A2999F51C8E7E0C005661AD /* Resources */,
			);
			buildRules = (
			);
			dependencies = (
				7A2999F91C8E7E0C005661AD /* PBXTargetDependency */,
			);
			name = VoiceMemoVIPERUITests;
			productName = VoiceMemoVIPERUITests;
			productReference = 7A2999F71C8E7E0C005661AD /* VoiceMemoVIPERUITests.xctest */;
			productType = "com.apple.product-type.bundle.ui-testing";
		};
/* End PBXNativeTarget section */

/* Begin PBXProject section */
		7A2999D01C8E7E0B005661AD /* Project object */ = {
			isa = PBXProject;
			attributes = {
				LastSwiftUpdateCheck = 0720;
				LastUpgradeCheck = 0720;
				ORGANIZATIONNAME = QH;
				TargetAttributes = {
					7A2999D71C8E7E0B005661AD = {
						CreatedOnToolsVersion = 7.2;
					};
					7A2999EB1C8E7E0C005661AD = {
						CreatedOnToolsVersion = 7.2;
						TestTargetID = 7A2999D71C8E7E0B005661AD;
					};
					7A2999F61C8E7E0C005661AD = {
						CreatedOnToolsVersion = 7.2;
						TestTargetID = 7A2999D71C8E7E0B005661AD;
					};
				};
			};
			buildConfigurationList = 7A2999D31C8E7E0B005661AD /* Build configuration list for PBXProject "VoiceMemoVIPER" */;
			compatibilityVersion = "Xcode 3.2";
			developmentRegion = English;
			hasScannedForEncodings = 0;
			knownRegions = (
				en,
				Base,
			);
			mainGroup = 7A2999CF1C8E7E0B005661AD;
			productRefGroup = 7A2999D91C8E7E0B005661AD /* Products */;
			projectDirPath = "";
			projectRoot = "";
			targets = (
				7A2999D71C8E7E0B005661AD /* VoiceMemoVIPER */,
				7A2999EB1C8E7E0C005661AD /* VoiceMemoVIPERTests */,
				7A2999F61C8E7E0C005661AD /* VoiceMemoVIPERUITests */,
			);
		};
/* End PBXProject section */

/* Begin PBXResourcesBuildPhase section */
		7A2999D61C8E7E0B005661AD /* Resources */ = {
			isa = PBXResourcesBuildPhase;
			buildActionMask = 2147483647;
			files = (
				7A2999E61C8E7E0C005661AD /* LaunchScreen.storyboard in Resources */,
				7A2999E31C8E7E0C005661AD /* Assets.xcassets in Resources */,
				7A2999E11C8E7E0C005661AD /* Main.storyboard in Resources */,
			);
			runOnlyForDeploymentPostprocessing = 0;
		};
		7A2999EA1C8E7E0C005661AD /* Resources */ = {
			isa = PBXResourcesBuildPhase;
			buildActionMask = 2147483647;
			files = (
			);
			runOnlyForDeploymentPostprocessing = 0;
		};
		7A2999F51C8E7E0C005661AD /* Resources */ = {
			isa = PBXResourcesBuildPhase;
			buildActionMask = 2147483647;
			files = (
			);
			runOnlyForDeploymentPostprocessing = 0;
		};
/* End PBXResourcesBuildPhase section */

/* Begin PBXSourcesBuildPhase section */
		7A2999D41C8E7E0B005661AD /* Sources */ = {
			isa = PBXSourcesBuildPhase;
			buildActionMask = 2147483647;
			files = (
				7A2999DE1C8E7E0C005661AD /* ViewController.swift in Sources */,
				7A2999DC1C8E7E0C005661AD /* AppDelegate.swift in Sources */,
			);
			runOnlyForDeploymentPostprocessing = 0;
		};
		7A2999E81C8E7E0C005661AD /* Sources */ = {
			isa = PBXSourcesBuildPhase;
			buildActionMask = 2147483647;
			files = (
				7A2999F11C8E7E0C005661AD /* VoiceMemoVIPERTests.swift in Sources */,
			);
			runOnlyForDeploymentPostprocessing = 0;
		};
		7A2999F31C8E7E0C005661AD /* Sources */ = {
			isa = PBXSourcesBuildPhase;
			buildActionMask = 2147483647;
			files = (
				7A2999FC1C8E7E0C005661AD /* VoiceMemoVIPERUITests.swift in Sources */,
			);
			runOnlyForDeploymentPostprocessing = 0;
		};
/* End PBXSourcesBuildPhase section */

/* Begin PBXTargetDependency section */
		7A2999EE1C8E7E0C005661AD /* PBXTargetDependency */ = {
			isa = PBXTargetDependency;
			target = 7A2999D71C8E7E0B005661AD /* VoiceMemoVIPER */;
			targetProxy = 7A2999ED1C8E7E0C005661AD /* PBXContainerItemProxy */;
		};
		7A2999F91C8E7E0C005661AD /* PBXTargetDependency */ = {
			isa = PBXTargetDependency;
			target = 7A2999D71C8E7E0B005661AD /* VoiceMemoVIPER */;
			targetProxy = 7A2999F81C8E7E0C005661AD /* PBXContainerItemProxy */;
		};
/* End PBXTargetDependency section */

/* Begin PBXVariantGroup section */
		7A2999DF1C8E7E0C005661AD /* Main.storyboard */ = {
			isa = PBXVariantGroup;
			children = (
				7A2999E01C8E7E0C005661AD /* Base */,
			);
			name = Main.storyboard;
			sourceTree = "<group>";
		};
		7A2999E41C8E7E0C005661AD /* LaunchScreen.storyboard */ = {
			isa = PBXVariantGroup;
			children = (
				7A2999E51C8E7E0C005661AD /* Base */,
			);
			name = LaunchScreen.storyboard;
			sourceTree = "<group>";
		};
/* End PBXVariantGroup section */

/* Begin XCBuildConfiguration section */
		7A2999FE1C8E7E0C005661AD /* Debug */ = {
			isa = XCBuildConfiguration;
			buildSettings = {
				ALWAYS_SEARCH_USER_PATHS = NO;
				CLANG_CXX_LANGUAGE_STANDARD = "gnu++0x";
				CLANG_CXX_LIBRARY = "libc++";
				CLANG_ENABLE_MODULES = YES;
				CLANG_ENABLE_OBJC_ARC = YES;
				CLANG_WARN_BOOL_CONVERSION = YES;
				CLANG_WARN_CONSTANT_CONVERSION = YES;
				CLANG_WARN_DIRECT_OBJC_ISA_USAGE = YES_ERROR;
				CLANG_WARN_EMPTY_BODY = YES;
				CLANG_WARN_ENUM_CONVERSION = YES;
				CLANG_WARN_INT_CONVERSION = YES;
				CLANG_WARN_OBJC_ROOT_CLASS = YES_ERROR;
				CLANG_WARN_UNREACHABLE_CODE = YES;
				CLANG_WARN__DUPLICATE_METHOD_MATCH = YES;
				"CODE_SIGN_IDENTITY[sdk=iphoneos*]" = "iPhone Developer";
				COPY_PHASE_STRIP = NO;
				DEBUG_INFORMATION_FORMAT = dwarf;
				ENABLE_STRICT_OBJC_MSGSEND = YES;
				ENABLE_TESTABILITY = YES;
				GCC_C_LANGUAGE_STANDARD = gnu99;
				GCC_DYNAMIC_NO_PIC = NO;
				GCC_NO_COMMON_BLOCKS = YES;
				GCC_OPTIMIZATION_LEVEL = 0;
				GCC_PREPROCESSOR_DEFINITIONS = (
					"DEBUG=1",
					"$(inherited)",
				);
				GCC_WARN_64_TO_32_BIT_CONVERSION = YES;
				GCC_WARN_ABOUT_RETURN_TYPE = YES_ERROR;
				GCC_WARN_UNDECLARED_SELECTOR = YES;
				GCC_WARN_UNINITIALIZED_AUTOS = YES_AGGRESSIVE;
				GCC_WARN_UNUSED_FUNCTION = YES;
				GCC_WARN_UNUSED_VARIABLE = YES;
				IPHONEOS_DEPLOYMENT_TARGET = 9.2;
				MTL_ENABLE_DEBUG_INFO = YES;
				ONLY_ACTIVE_ARCH = YES;
				SDKROOT = iphoneos;
				SWIFT_OPTIMIZATION_LEVEL = "-Onone";
				TARGETED_DEVICE_FAMILY = "1,2";
			};
			name = Debug;
		};
		7A2999FF1C8E7E0C005661AD /* Release */ = {
			isa = XCBuildConfiguration;
			buildSettings = {
				ALWAYS_SEARCH_USER_PATHS = NO;
				CLANG_CXX_LANGUAGE_STANDARD = "gnu++0x";
				CLANG_CXX_LIBRARY = "libc++";
				CLANG_ENABLE_MODULES = YES;
				CLANG_ENABLE_OBJC_ARC = YES;
				CLANG_WARN_BOOL_CONVERSION = YES;
				CLANG_WARN_CONSTANT_CONVERSION = YES;
				CLANG_WARN_DIRECT_OBJC_ISA_USAGE = YES_ERROR;
				CLANG_WARN_EMPTY_BODY = YES;
				CLANG_WARN_ENUM_CONVERSION = YES;
				CLANG_WARN_INT_CONVERSION = YES;
				CLANG_WARN_OBJC_ROOT_CLASS = YES_ERROR;
				CLANG_WARN_UNREACHABLE_CODE = YES;
				CLANG_WARN__DUPLICATE_METHOD_MATCH = YES;
				"CODE_SIGN_IDENTITY[sdk=iphoneos*]" = "iPhone Developer";
				COPY_PHASE_STRIP = NO;
				DEBUG_INFORMATION_FORMAT = "dwarf-with-dsym";
				ENABLE_NS_ASSERTIONS = NO;
				ENABLE_STRICT_OBJC_MSGSEND = YES;
				GCC_C_LANGUAGE_STANDARD = gnu99;
				GCC_NO_COMMON_BLOCKS = YES;
				GCC_WARN_64_TO_32_BIT_CONVERSION = YES;
				GCC_WARN_ABOUT_RETURN_TYPE = YES_ERROR;
				GCC_WARN_UNDECLARED_SELECTOR = YES;
				GCC_WARN_UNINITIALIZED_AUTOS = YES_AGGRESSIVE;
				GCC_WARN_UNUSED_FUNCTION = YES;
				GCC_WARN_UNUSED_VARIABLE = YES;
				IPHONEOS_DEPLOYMENT_TARGET = 9.2;
				MTL_ENABLE_DEBUG_INFO = NO;
				SDKROOT = iphoneos;
				TARGETED_DEVICE_FAMILY = "1,2";
				VALIDATE_PRODUCT = YES;
			};
			name = Release;
		};
		7A299A011C8E7E0C005661AD /* Debug */ = {
			isa = XCBuildConfiguration;
			buildSettings = {
				ASSETCATALOG_COMPILER_APPICON_NAME = AppIcon;
				INFOPLIST_FILE = VoiceMemoVIPER/Info.plist;
				LD_RUNPATH_SEARCH_PATHS = "$(inherited) @executable_path/Frameworks";
				PRODUCT_BUNDLE_IDENTIFIER = com.qh.mobile.VoiceMemoVIPER;
				PRODUCT_NAME = "$(TARGET_NAME)";
			};
			name = Debug;
		};
		7A299A021C8E7E0C005661AD /* Release */ = {
			isa = XCBuildConfiguration;
			buildSettings = {
				ASSETCATALOG_COMPILER_APPICON_NAME = AppIcon;
				INFOPLIST_FILE = VoiceMemoVIPER/Info.plist;
				LD_RUNPATH_SEARCH_PATHS = "$(inherited) @executable_path/Frameworks";
				PRODUCT_BUNDLE_IDENTIFIER = com.qh.mobile.VoiceMemoVIPER;
				PRODUCT_NAME = "$(TARGET_NAME)";
			};
			name = Release;
		};
		7A299A041C8E7E0C005661AD /* Debug */ = {
			isa = XCBuildConfiguration;
			buildSettings = {
				BUNDLE_LOADER = "$(TEST_HOST)";
				INFOPLIST_FILE = VoiceMemoVIPERTests/Info.plist;
				LD_RUNPATH_SEARCH_PATHS = "$(inherited) @executable_path/Frameworks @loader_path/Frameworks";
				PRODUCT_BUNDLE_IDENTIFIER = com.qh.mobile.VoiceMemoVIPERTests;
				PRODUCT_NAME = "$(TARGET_NAME)";
				TEST_HOST = "$(BUILT_PRODUCTS_DIR)/VoiceMemoVIPER.app/VoiceMemoVIPER";
			};
			name = Debug;
		};
		7A299A051C8E7E0C005661AD /* Release */ = {
			isa = XCBuildConfiguration;
			buildSettings = {
				BUNDLE_LOADER = "$(TEST_HOST)";
				INFOPLIST_FILE = VoiceMemoVIPERTests/Info.plist;
				LD_RUNPATH_SEARCH_PATHS = "$(inherited) @executable_path/Frameworks @loader_path/Frameworks";
				PRODUCT_BUNDLE_IDENTIFIER = com.qh.mobile.VoiceMemoVIPERTests;
				PRODUCT_NAME = "$(TARGET_NAME)";
				TEST_HOST = "$(BUILT_PRODUCTS_DIR)/VoiceMemoVIPER.app/VoiceMemoVIPER";
			};
			name = Release;
		};
		7A299A071C8E7E0C005661AD /* Debug */ = {
			isa = XCBuildConfiguration;
			buildSettings = {
				INFOPLIST_FILE = VoiceMemoVIPERUITests/Info.plist;
				LD_RUNPATH_SEARCH_PATHS = "$(inherited) @executable_path/Frameworks @loader_path/Frameworks";
				PRODUCT_BUNDLE_IDENTIFIER = com.qh.mobile.VoiceMemoVIPERUITests;
				PRODUCT_NAME = "$(TARGET_NAME)";
				TEST_TARGET_NAME = VoiceMemoVIPER;
				USES_XCTRUNNER = YES;
			};
			name = Debug;
		};
		7A299A081C8E7E0C005661AD /* Release */ = {
			isa = XCBuildConfiguration;
			buildSettings = {
				INFOPLIST_FILE = VoiceMemoVIPERUITests/Info.plist;
				LD_RUNPATH_SEARCH_PATHS = "$(inherited) @executable_path/Frameworks @loader_path/Frameworks";
				PRODUCT_BUNDLE_IDENTIFIER = com.qh.mobile.VoiceMemoVIPERUITests;
				PRODUCT_NAME = "$(TARGET_NAME)";
				TEST_TARGET_NAME = VoiceMemoVIPER;
				USES_XCTRUNNER = YES;
			};
			name = Release;
		};
/* End XCBuildConfiguration section */

/* Begin XCConfigurationList section */
		7A2999D31C8E7E0B005661AD /* Build configuration list for PBXProject "VoiceMemoVIPER" */ = {
			isa = XCConfigurationList;
			buildConfigurations = (
				7A2999FE1C8E7E0C005661AD /* Debug */,
				7A2999FF1C8E7E0C005661AD /* Release */,
			);
			defaultConfigurationIsVisible = 0;
			defaultConfigurationName = Release;
		};
		7A299A001C8E7E0C005661AD /* Build configuration list for PBXNativeTarget "VoiceMemoVIPER" */ = {
			isa = XCConfigurationList;
			buildConfigurations = (
				7A299A011C8E7E0C005661AD /* Debug */,
				7A299A021C8E7E0C005661AD /* Release */,
			);
			defaultConfigurationIsVisible = 0;
		};
		7A299A031C8E7E0C005661AD /* Build configuration list for PBXNativeTarget "VoiceMemoVIPERTests" */ = {
			isa = XCConfigurationList;
			buildConfigurations = (
				7A299A041C8E7E0C005661AD /* Debug */,
				7A299A051C8E7E0C005661AD /* Release */,
			);
			defaultConfigurationIsVisible = 0;
		};
		7A299A061C8E7E0C005661AD /* Build configuration list for PBXNativeTarget "VoiceMemoVIPERUITests" */ = {
			isa = XCConfigurationList;
			buildConfigurations = (
				7A299A071C8E7E0C005661AD /* Debug */,
				7A299A081C8E7E0C005661AD /* Release */,
			);
			defaultConfigurationIsVisible = 0;
		};
/* End XCConfigurationList section */
	};
	rootObject = 7A2999D01C8E7E0B005661AD /* Project object */;
}
